
Microsoft Visual Studio Solution File, Format Version 12.00
# Visual Studio Version 17
VisualStudioVersion = 17.5.002.0
MinimumVisualStudioVersion = 10.0.40219.1
Project("{9A19103F-16F7-4668-BE54-9A1E7A4F7556}") = "Yusufun Kitap Modeli", "Yusufun Kitap Modeli.csproj", "{BD578B48-52A4-4720-8D8A-B853EF2D312B}"
EndProject
Global
	GlobalSection(SolutionConfigurationPlatforms) = preSolution
		Debug|Any CPU = Debug|Any CPU
		Release|Any CPU = Release|Any CPU
	EndGlobalSection
	GlobalSection(ProjectConfigurationPlatforms) = postSolution
		{BD578B48-52A4-4720-8D8A-B853EF2D312B}.Debug|Any CPU.ActiveCfg = Debug|Any CPU
		{BD578B48-52A4-4720-8D8A-B853EF2D312B}.Debug|Any CPU.Build.0 = Debug|Any CPU
		{BD578B48-52A4-4720-8D8A-B853EF2D312B}.Release|Any CPU.ActiveCfg = Release|Any CPU
		{BD578B48-52A4-4720-8D8A-B853EF2D312B}.Release|Any CPU.Build.0 = Release|Any CPU
	EndGlobalSection
	GlobalSection(SolutionProperties) = preSolution
		HideSolutionNode = FALSE
	EndGlobalSection
	GlobalSection(ExtensibilityGlobals) = postSolution
		SolutionGuid = {3D537B41-F354-4EB2-AD70-C1B92E765C05}
	EndGlobalSection
EndGlobal
